<?xml version="1.0" encoding="utf-8"?>
<Project ToolsVersion="4.0" xmlns="http://schemas.microsoft.com/developer/msbuild/2003">
  <ItemGroup>
    <Filter Include="Source Files">
      <UniqueIdentifier>{4FC737F1-C7A5-4376-A066-2A32D752A2FF}</UniqueIdentifier>
      <Extensions>cpp;c;cc;cxx;def;odl;idl;hpj;bat;asm;asmx</Extensions>
    </Filter>
    <Filter Include="Header Files">
      <UniqueIdentifier>{93995380-89BD-4b04-88EB-625FBE52EBFB}</UniqueIdentifier>
      <Extensions>h;hh;hpp;hxx;hm;inl;inc;xsd</Extensions>
    </Filter>
    <Filter Include="Resource Files">
      <UniqueIdentifier>{67DA6AB6-F800-4c08-8B7A-83BB121AAD01}</UniqueIdentifier>
      <Extensions>rc;ico;cur;bmp;dlg;rc2;rct;bin;rgs;gif;jpg;jpeg;jpe;resx;tiff;tif;png;wav;mfcribbon-ms</Extensions>
    </Filter>
    <Filter Include="Header Files\Networking">
      <UniqueIdentifier>{932d3ca9-8b09-4995-8047-afbc23a0ba2d}</UniqueIdentifier>
    </Filter>
    <Filter Include="Source Files\Networking">
      <UniqueIdentifier>{02a7a80d-de3a-4346-b031-83994e6da4fd}</UniqueIdentifier>
    </Filter>
    <Filter Include="Source Files\Events">
      <UniqueIdentifier>{72043bf3-0119-4051-aa10-5e4284eb53a9}</UniqueIdentifier>
    </Filter>
    <Filter Include="Header Files\Events">
      <UniqueIdentifier>{9575a5e3-a1e6-442e-bb12-48cebd4d3fe8}</UniqueIdentifier>
    </Filter>
    <Filter Include="Source Files\Memory">
      <UniqueIdentifier>{07e75d45-fa4f-40b3-9242-5633e7ed18bc}</UniqueIdentifier>
    </Filter>
    <Filter Include="Header Files\Memory">
      <UniqueIdentifier>{68264a71-e6c1-4c43-abf1-55daa6b33913}</UniqueIdentifier>
    </Filter>
    <Filter Include="Source Files\libmodutils">
      <UniqueIdentifier>{d3a4ddb1-6ea9-4468-b6ef-a8e12f26ea86}</UniqueIdentifier>
    </Filter>
    <Filter Include="Header Files\libmodutils">
      <UniqueIdentifier>{df3174d1-dd50-441e-aff0-f7f123005804}</UniqueIdentifier>
    </Filter>
  </ItemGroup>
  <ItemGroup>
    <ClInclude Include="PacketHandler.h">
      <Filter>Header Files\Networking</Filter>
    </ClInclude>
    <ClInclude Include="Networking.h">
      <Filter>Header Files\Networking</Filter>
    </ClInclude>
    <ClInclude Include="CommonEnums.h">
      <Filter>Header Files\Memory</Filter>
    </ClInclude>
    <ClInclude Include="AddressList.h">
      <Filter>Header Files\Memory</Filter>
    </ClInclude>
    <ClInclude Include="LazyMemory.h">
      <Filter>Header Files\Memory</Filter>
    </ClInclude>
    <ClInclude Include="MemoryManagement.h">
      <Filter>Header Files\Memory</Filter>
    </ClInclude>
    <ClInclude Include="MemoryStruct.h">
      <Filter>Header Files\Memory</Filter>
    </ClInclude>
    <ClInclude Include="PacketExtensions.h">
      <Filter>Header Files\Networking</Filter>
    </ClInclude>
    <ClInclude Include="AdventurePacketOverloads.h">
      <Filter>Header Files\Networking</Filter>
    </ClInclude>
    <ClInclude Include="ModLoaderExtensions.h">
      <Filter>Header Files\Memory</Filter>
    </ClInclude>
    <ClInclude Include="Globals.h">
      <Filter>Header Files</Filter>
    </ClInclude>
    <ClInclude Include="nop.h">
      <Filter>Header Files\Memory</Filter>
    </ClInclude>
    <ClInclude Include="Program.h">
      <Filter>Header Files</Filter>
    </ClInclude>
    <ClInclude Include="Common.h">
      <Filter>Header Files</Filter>
    </ClInclude>
    <ClInclude Include="PacketBroker.h">
      <Filter>Header Files\Memory</Filter>
    </ClInclude>
    <ClInclude Include="PlayerObject.h">
      <Filter>Header Files\Networking</Filter>
    </ClInclude>
    <ClInclude Include="OnGameState.h">
      <Filter>Header Files\Events</Filter>
    </ClInclude>
    <ClInclude Include="OnStageChange.h">
      <Filter>Header Files\Events</Filter>
    </ClInclude>
    <ClInclude Include="typedefs.h">
      <Filter>Header Files</Filter>
    </ClInclude>
    <ClInclude Include="stdafx.h">
      <Filter>Header Files</Filter>
    </ClInclude>
    <ClInclude Include="HurtPlayer.h">
      <Filter>Header Files\Events</Filter>
    </ClInclude>
    <ClInclude Include="AddHP.h">
      <Filter>Header Files\Events</Filter>
    </ClInclude>
    <ClInclude Include="AddRings.h">
      <Filter>Header Files\Events</Filter>
    </ClInclude>
    <ClInclude Include="Random.h">
      <Filter>Header Files\Events</Filter>
    </ClInclude>
    <ClInclude Include="FrameSync.h">
      <Filter>Header Files\Events</Filter>
    </ClInclude>
    <ClInclude Include="PacketOverloads.h">
      <Filter>Header Files\Networking</Filter>
    </ClInclude>
    <ClInclude Include="Hash.h">
      <Filter>Header Files</Filter>
    </ClInclude>
    <ClInclude Include="..\sa2-mod-loader\libmodutils\Trampoline.h">
      <Filter>Header Files\libmodutils</Filter>
    </ClInclude>
    <ClInclude Include="PoseEffect2PStartMan.h">
      <Filter>Header Files\Events</Filter>
    </ClInclude>
    <ClInclude Include="ItemBoxItems.h">
      <Filter>Header Files\Events</Filter>
    </ClInclude>
    <ClInclude Include="CharacterSync.h">
      <Filter>Header Files\Events</Filter>
    </ClInclude>
  </ItemGroup>
  <ItemGroup>
    <ClCompile Include="PacketHandler.cpp">
      <Filter>Source Files\Networking</Filter>
    </ClCompile>
    <ClCompile Include="MemoryManagement.cpp">
      <Filter>Source Files\Memory</Filter>
    </ClCompile>
    <ClCompile Include="PacketExtensions.cpp">
      <Filter>Source Files\Networking</Filter>
    </ClCompile>
    <ClCompile Include="PlayerObject.cpp">
      <Filter>Source Files\Memory</Filter>
    </ClCompile>
    <ClCompile Include="OnFrame.cpp">
      <Filter>Source Files\Events</Filter>
    </ClCompile>
    <ClCompile Include="OnInput.cpp">
      <Filter>Source Files\Events</Filter>
    </ClCompile>
    <ClCompile Include="mod.cpp">
      <Filter>Source Files</Filter>
    </ClCompile>
    <ClCompile Include="Globals.cpp">
      <Filter>Source Files</Filter>
    </ClCompile>
    <ClCompile Include="nop.cpp">
      <Filter>Source Files\Memory</Filter>
    </ClCompile>
    <ClCompile Include="Common.cpp">
      <Filter>Source Files</Filter>
    </ClCompile>
    <ClCompile Include="Program.cpp">
      <Filter>Source Files</Filter>
    </ClCompile>
    <ClCompile Include="PacketBroker.cpp">
      <Filter>Source Files\Networking</Filter>
    </ClCompile>
    <ClCompile Include="OnGameState.cpp">
      <Filter>Source Files\Events</Filter>
    </ClCompile>
    <ClCompile Include="OnStageChange.cpp">
      <Filter>Source Files\Events</Filter>
    </ClCompile>
    <ClCompile Include="AdventurePacketOverloads.cpp">
      <Filter>Source Files\Networking</Filter>
    </ClCompile>
    <ClCompile Include="stdafx.cpp">
      <Filter>Source Files</Filter>
    </ClCompile>
    <ClCompile Include="AddHP.cpp">
      <Filter>Source Files\Events</Filter>
    </ClCompile>
    <ClCompile Include="AddRings.cpp">
      <Filter>Source Files\Events</Filter>
    </ClCompile>
    <ClCompile Include="HurtPlayer.cpp">
      <Filter>Source Files\Events</Filter>
    </ClCompile>
    <ClCompile Include="Random.cpp">
      <Filter>Source Files\Events</Filter>
    </ClCompile>
    <ClCompile Include="EmeraldSync.cpp">
      <Filter>Source Files\Events</Filter>
    </ClCompile>
    <ClCompile Include="FrameSync.cpp">
      <Filter>Source Files\Events</Filter>
    </ClCompile>
    <ClCompile Include="Networking.cpp">
      <Filter>Source Files\Networking</Filter>
    </ClCompile>
    <ClCompile Include="PacketOverloads.cpp">
      <Filter>Source Files\Networking</Filter>
    </ClCompile>
    <ClCompile Include="Hash.cpp">
      <Filter>Source Files</Filter>
    </ClCompile>
    <ClCompile Include="..\sa2-mod-loader\libmodutils\Trampoline.cpp">
      <Filter>Source Files\libmodutils</Filter>
    </ClCompile>
    <ClCompile Include="PoseEffect2PStartMan.cpp">
      <Filter>Source Files\Events</Filter>
    </ClCompile>
    <ClCompile Include="ItemBoxItems.cpp">
      <Filter>Source Files\Events</Filter>
    </ClCompile>
    <ClCompile Include="CharacterSync.cpp">
      <Filter>Source Files\Events</Filter>
    </ClCompile>
  </ItemGroup>
  <ItemGroup>
    <None Include="mod.ini">
      <Filter>Resource Files</Filter>
    </None>
  </ItemGroup>
</Project>