<?xml version="1.0" encoding="utf-8"?>
<Project ToolsVersion="4.0" xmlns="http://schemas.microsoft.com/developer/msbuild/2003">
  <ItemGroup>
    <Filter Include="Source Files">
      <UniqueIdentifier>{4FC737F1-C7A5-4376-A066-2A32D752A2FF}</UniqueIdentifier>
      <Extensions>cpp;c;cc;cxx;def;odl;idl;hpj;bat;asm;asmx</Extensions>
    </Filter>
    <Filter Include="Header Files">
      <UniqueIdentifier>{93995380-89BD-4b04-88EB-625FBE52EBFB}</UniqueIdentifier>
      <Extensions>h;hh;hpp;hxx;hm;inl;inc;xsd</Extensions>
    </Filter>
    <Filter Include="Resource Files">
      <UniqueIdentifier>{67DA6AB6-F800-4c08-8B7A-83BB121AAD01}</UniqueIdentifier>
      <Extensions>rc;ico;cur;bmp;dlg;rc2;rct;bin;rgs;gif;jpg;jpeg;jpe;resx;tiff;tif;png;wav;mfcribbon-ms</Extensions>
    </Filter>
    <Filter Include="Header Files\Networking">
      <UniqueIdentifier>{932d3ca9-8b09-4995-8047-afbc23a0ba2d}</UniqueIdentifier>
    </Filter>
    <Filter Include="Source Files\Networking">
      <UniqueIdentifier>{02a7a80d-de3a-4346-b031-83994e6da4fd}</UniqueIdentifier>
    </Filter>
    <Filter Include="Source Files\Program">
      <UniqueIdentifier>{836f4cf0-ab0e-4a2c-ad5a-b8aa0b02ce68}</UniqueIdentifier>
    </Filter>
    <Filter Include="Header Files\Program">
      <UniqueIdentifier>{e9ba9889-5811-4998-b92b-9e96efac8fbc}</UniqueIdentifier>
    </Filter>
    <Filter Include="Header Files\Game Memory">
      <UniqueIdentifier>{68264a71-e6c1-4c43-abf1-55daa6b33913}</UniqueIdentifier>
    </Filter>
    <Filter Include="Source Files\Game Memory">
      <UniqueIdentifier>{07e75d45-fa4f-40b3-9242-5633e7ed18bc}</UniqueIdentifier>
    </Filter>
  </ItemGroup>
  <ItemGroup>
    <ClInclude Include="PacketHandler.h">
      <Filter>Header Files\Networking</Filter>
    </ClInclude>
    <ClInclude Include="Networking.h">
      <Filter>Header Files\Networking</Filter>
    </ClInclude>
    <ClInclude Include="Common.h">
      <Filter>Header Files\Program</Filter>
    </ClInclude>
    <ClInclude Include="Globals.h">
      <Filter>Header Files\Program</Filter>
    </ClInclude>
    <ClInclude Include="CommonEnums.h">
      <Filter>Header Files\Game Memory</Filter>
    </ClInclude>
    <ClInclude Include="AddressList.h">
      <Filter>Header Files\Game Memory</Filter>
    </ClInclude>
    <ClInclude Include="ActionBlacklist.h">
      <Filter>Header Files\Game Memory</Filter>
    </ClInclude>
    <ClInclude Include="LazyMemory.h">
      <Filter>Header Files\Game Memory</Filter>
    </ClInclude>
    <ClInclude Include="MemoryHandler.h">
      <Filter>Header Files\Game Memory</Filter>
    </ClInclude>
    <ClInclude Include="MemoryManagement.h">
      <Filter>Header Files\Game Memory</Filter>
    </ClInclude>
    <ClInclude Include="MemoryStruct.h">
      <Filter>Header Files\Game Memory</Filter>
    </ClInclude>
    <ClInclude Include="PacketExtensions.h">
      <Filter>Header Files\Networking</Filter>
    </ClInclude>
    <ClInclude Include="AdventurePacketOverloads.h">
      <Filter>Header Files\Networking</Filter>
    </ClInclude>
    <ClInclude Include="PlayerObject.h">
      <Filter>Header Files\Game Memory</Filter>
    </ClInclude>
    <ClInclude Include="ModLoaderExtensions.h">
      <Filter>Header Files\Game Memory</Filter>
    </ClInclude>
    <ClInclude Include="nop.h">
      <Filter>Header Files\Program</Filter>
    </ClInclude>
    <ClInclude Include="MainThread.h">
      <Filter>Header Files\Program</Filter>
    </ClInclude>
    <ClInclude Include="Program.h">
      <Filter>Header Files\Program</Filter>
    </ClInclude>
    <ClInclude Include="BAMS.h">
      <Filter>Header Files\Game Memory</Filter>
    </ClInclude>
  </ItemGroup>
  <ItemGroup>
    <ClCompile Include="PacketHandler.cpp">
      <Filter>Source Files\Networking</Filter>
    </ClCompile>
    <ClCompile Include="Globals.cpp">
      <Filter>Source Files\Program</Filter>
    </ClCompile>
    <ClCompile Include="MemoryManagement.cpp">
      <Filter>Source Files\Game Memory</Filter>
    </ClCompile>
    <ClCompile Include="ActionBlacklist.cpp">
      <Filter>Source Files\Game Memory</Filter>
    </ClCompile>
    <ClCompile Include="MemoryHandler.cpp">
      <Filter>Source Files\Game Memory</Filter>
    </ClCompile>
    <ClCompile Include="Common.cpp">
      <Filter>Source Files\Program</Filter>
    </ClCompile>
    <ClCompile Include="ModLoaderExtensions.cpp">
      <Filter>Source Files\Game Memory</Filter>
    </ClCompile>
    <ClCompile Include="PacketExtensions.cpp">
      <Filter>Source Files\Networking</Filter>
    </ClCompile>
    <ClCompile Include="PlayerObject.cpp">
      <Filter>Source Files\Game Memory</Filter>
    </ClCompile>
    <ClCompile Include="nop.cpp">
      <Filter>Source Files\Program</Filter>
    </ClCompile>
    <ClCompile Include="MainThread.cpp">
      <Filter>Source Files\Program</Filter>
    </ClCompile>
    <ClCompile Include="Program.cpp">
      <Filter>Source Files\Program</Filter>
    </ClCompile>
  </ItemGroup>
  <ItemGroup>
    <None Include="mod.ini">
      <Filter>Resource Files</Filter>
    </None>
  </ItemGroup>
</Project>