Microsoft Visual Studio Solution File, Format Version 12.00
# Visual Studio 14
Project("{8BC9CEB8-8B4A-11D0-8D11-00A0C91BC942}") = "ALL_BUILD", "ALL_BUILD.vcxproj", "{067C3222-EDAB-4AC0-8C0F-2AB6FB4E99D1}"
	ProjectSection(ProjectDependencies) = postProject
		{CB55DC67-9A65-4DCA-865E-B2E968712A7F} = {CB55DC67-9A65-4DCA-865E-B2E968712A7F}
		{22E67BED-20D7-496F-9CFE-948AB034AAF3} = {22E67BED-20D7-496F-9CFE-948AB034AAF3}
		{0F546820-205C-4CAA-BDBC-9CB86CCB0B07} = {0F546820-205C-4CAA-BDBC-9CB86CCB0B07}
		{F93BF405-3DB3-4977-A139-D143F0F370E5} = {F93BF405-3DB3-4977-A139-D143F0F370E5}
		{D41E604D-74F0-455D-9341-E92246C90825} = {D41E604D-74F0-455D-9341-E92246C90825}
		{0FB87C52-B9BF-426C-87EB-AB604B75F1DB} = {0FB87C52-B9BF-426C-87EB-AB604B75F1DB}
		{3EB07DF7-2C3D-4235-ABA2-21198780026B} = {3EB07DF7-2C3D-4235-ABA2-21198780026B}
	EndProjectSection
EndProject
Project("{8BC9CEB8-8B4A-11D0-8D11-00A0C91BC942}") = "INSTALL", "INSTALL.vcxproj", "{FE00ABD8-F296-47C3-AF2B-D769E66E9327}"
	ProjectSection(ProjectDependencies) = postProject
		{067C3222-EDAB-4AC0-8C0F-2AB6FB4E99D1} = {067C3222-EDAB-4AC0-8C0F-2AB6FB4E99D1}
	EndProjectSection
EndProject
Project("{8BC9CEB8-8B4A-11D0-8D11-00A0C91BC942}") = "ZERO_CHECK", "ZERO_CHECK.vcxproj", "{CB55DC67-9A65-4DCA-865E-B2E968712A7F}"
	ProjectSection(ProjectDependencies) = postProject
	EndProjectSection
EndProject
Project("{8BC9CEB8-8B4A-11D0-8D11-00A0C91BC942}") = "sfml-audio", "src\SFML\Audio\sfml-audio.vcxproj", "{22E67BED-20D7-496F-9CFE-948AB034AAF3}"
	ProjectSection(ProjectDependencies) = postProject
		{CB55DC67-9A65-4DCA-865E-B2E968712A7F} = {CB55DC67-9A65-4DCA-865E-B2E968712A7F}
		{0FB87C52-B9BF-426C-87EB-AB604B75F1DB} = {0FB87C52-B9BF-426C-87EB-AB604B75F1DB}
	EndProjectSection
EndProject
Project("{8BC9CEB8-8B4A-11D0-8D11-00A0C91BC942}") = "sfml-graphics", "src\SFML\Graphics\sfml-graphics.vcxproj", "{0F546820-205C-4CAA-BDBC-9CB86CCB0B07}"
	ProjectSection(ProjectDependencies) = postProject
		{CB55DC67-9A65-4DCA-865E-B2E968712A7F} = {CB55DC67-9A65-4DCA-865E-B2E968712A7F}
		{0FB87C52-B9BF-426C-87EB-AB604B75F1DB} = {0FB87C52-B9BF-426C-87EB-AB604B75F1DB}
		{3EB07DF7-2C3D-4235-ABA2-21198780026B} = {3EB07DF7-2C3D-4235-ABA2-21198780026B}
	EndProjectSection
EndProject
Project("{8BC9CEB8-8B4A-11D0-8D11-00A0C91BC942}") = "sfml-main", "src\SFML\Main\sfml-main.vcxproj", "{F93BF405-3DB3-4977-A139-D143F0F370E5}"
	ProjectSection(ProjectDependencies) = postProject
		{CB55DC67-9A65-4DCA-865E-B2E968712A7F} = {CB55DC67-9A65-4DCA-865E-B2E968712A7F}
	EndProjectSection
EndProject
Project("{8BC9CEB8-8B4A-11D0-8D11-00A0C91BC942}") = "sfml-network", "src\SFML\Network\sfml-network.vcxproj", "{D41E604D-74F0-455D-9341-E92246C90825}"
	ProjectSection(ProjectDependencies) = postProject
		{CB55DC67-9A65-4DCA-865E-B2E968712A7F} = {CB55DC67-9A65-4DCA-865E-B2E968712A7F}
		{0FB87C52-B9BF-426C-87EB-AB604B75F1DB} = {0FB87C52-B9BF-426C-87EB-AB604B75F1DB}
	EndProjectSection
EndProject
Project("{8BC9CEB8-8B4A-11D0-8D11-00A0C91BC942}") = "sfml-system", "src\SFML\System\sfml-system.vcxproj", "{0FB87C52-B9BF-426C-87EB-AB604B75F1DB}"
	ProjectSection(ProjectDependencies) = postProject
		{CB55DC67-9A65-4DCA-865E-B2E968712A7F} = {CB55DC67-9A65-4DCA-865E-B2E968712A7F}
	EndProjectSection
EndProject
Project("{8BC9CEB8-8B4A-11D0-8D11-00A0C91BC942}") = "sfml-window", "src\SFML\Window\sfml-window.vcxproj", "{3EB07DF7-2C3D-4235-ABA2-21198780026B}"
	ProjectSection(ProjectDependencies) = postProject
		{CB55DC67-9A65-4DCA-865E-B2E968712A7F} = {CB55DC67-9A65-4DCA-865E-B2E968712A7F}
		{0FB87C52-B9BF-426C-87EB-AB604B75F1DB} = {0FB87C52-B9BF-426C-87EB-AB604B75F1DB}
	EndProjectSection
EndProject
Project("{2150E333-8FDC-42A3-9474-1A3956D46DE8}") = "CMake", "CMake", "{32B47C60-AA48-4632-92BF-D3FB646A433A}"
EndProject
Project("{2150E333-8FDC-42A3-9474-1A3956D46DE8}") = "SFML", "SFML", "{3070FCE6-3DF7-4311-B51B-6D4CF95853D6}"
EndProject
Global
	GlobalSection(SolutionConfigurationPlatforms) = preSolution
		Debug|Win32 = Debug|Win32
		Release|Win32 = Release|Win32
		MinSizeRel|Win32 = MinSizeRel|Win32
		RelWithDebInfo|Win32 = RelWithDebInfo|Win32
	EndGlobalSection
	GlobalSection(ProjectConfigurationPlatforms) = postSolution
		{067C3222-EDAB-4AC0-8C0F-2AB6FB4E99D1}.Debug|Win32.ActiveCfg = Debug|Win32
		{067C3222-EDAB-4AC0-8C0F-2AB6FB4E99D1}.Debug|Win32.Build.0 = Debug|Win32
		{067C3222-EDAB-4AC0-8C0F-2AB6FB4E99D1}.Release|Win32.ActiveCfg = Release|Win32
		{067C3222-EDAB-4AC0-8C0F-2AB6FB4E99D1}.Release|Win32.Build.0 = Release|Win32
		{067C3222-EDAB-4AC0-8C0F-2AB6FB4E99D1}.MinSizeRel|Win32.ActiveCfg = MinSizeRel|Win32
		{067C3222-EDAB-4AC0-8C0F-2AB6FB4E99D1}.MinSizeRel|Win32.Build.0 = MinSizeRel|Win32
		{067C3222-EDAB-4AC0-8C0F-2AB6FB4E99D1}.RelWithDebInfo|Win32.ActiveCfg = RelWithDebInfo|Win32
		{067C3222-EDAB-4AC0-8C0F-2AB6FB4E99D1}.RelWithDebInfo|Win32.Build.0 = RelWithDebInfo|Win32
		{FE00ABD8-F296-47C3-AF2B-D769E66E9327}.Debug|Win32.ActiveCfg = Debug|Win32
		{FE00ABD8-F296-47C3-AF2B-D769E66E9327}.Release|Win32.ActiveCfg = Release|Win32
		{FE00ABD8-F296-47C3-AF2B-D769E66E9327}.MinSizeRel|Win32.ActiveCfg = MinSizeRel|Win32
		{FE00ABD8-F296-47C3-AF2B-D769E66E9327}.RelWithDebInfo|Win32.ActiveCfg = RelWithDebInfo|Win32
		{CB55DC67-9A65-4DCA-865E-B2E968712A7F}.Debug|Win32.ActiveCfg = Debug|Win32
		{CB55DC67-9A65-4DCA-865E-B2E968712A7F}.Debug|Win32.Build.0 = Debug|Win32
		{CB55DC67-9A65-4DCA-865E-B2E968712A7F}.Release|Win32.ActiveCfg = Release|Win32
		{CB55DC67-9A65-4DCA-865E-B2E968712A7F}.Release|Win32.Build.0 = Release|Win32
		{CB55DC67-9A65-4DCA-865E-B2E968712A7F}.MinSizeRel|Win32.ActiveCfg = MinSizeRel|Win32
		{CB55DC67-9A65-4DCA-865E-B2E968712A7F}.MinSizeRel|Win32.Build.0 = MinSizeRel|Win32
		{CB55DC67-9A65-4DCA-865E-B2E968712A7F}.RelWithDebInfo|Win32.ActiveCfg = RelWithDebInfo|Win32
		{CB55DC67-9A65-4DCA-865E-B2E968712A7F}.RelWithDebInfo|Win32.Build.0 = RelWithDebInfo|Win32
		{22E67BED-20D7-496F-9CFE-948AB034AAF3}.Debug|Win32.ActiveCfg = Debug|Win32
		{22E67BED-20D7-496F-9CFE-948AB034AAF3}.Debug|Win32.Build.0 = Debug|Win32
		{22E67BED-20D7-496F-9CFE-948AB034AAF3}.Release|Win32.ActiveCfg = Release|Win32
		{22E67BED-20D7-496F-9CFE-948AB034AAF3}.Release|Win32.Build.0 = Release|Win32
		{22E67BED-20D7-496F-9CFE-948AB034AAF3}.MinSizeRel|Win32.ActiveCfg = MinSizeRel|Win32
		{22E67BED-20D7-496F-9CFE-948AB034AAF3}.MinSizeRel|Win32.Build.0 = MinSizeRel|Win32
		{22E67BED-20D7-496F-9CFE-948AB034AAF3}.RelWithDebInfo|Win32.ActiveCfg = RelWithDebInfo|Win32
		{22E67BED-20D7-496F-9CFE-948AB034AAF3}.RelWithDebInfo|Win32.Build.0 = RelWithDebInfo|Win32
		{0F546820-205C-4CAA-BDBC-9CB86CCB0B07}.Debug|Win32.ActiveCfg = Debug|Win32
		{0F546820-205C-4CAA-BDBC-9CB86CCB0B07}.Debug|Win32.Build.0 = Debug|Win32
		{0F546820-205C-4CAA-BDBC-9CB86CCB0B07}.Release|Win32.ActiveCfg = Release|Win32
		{0F546820-205C-4CAA-BDBC-9CB86CCB0B07}.Release|Win32.Build.0 = Release|Win32
		{0F546820-205C-4CAA-BDBC-9CB86CCB0B07}.MinSizeRel|Win32.ActiveCfg = MinSizeRel|Win32
		{0F546820-205C-4CAA-BDBC-9CB86CCB0B07}.MinSizeRel|Win32.Build.0 = MinSizeRel|Win32
		{0F546820-205C-4CAA-BDBC-9CB86CCB0B07}.RelWithDebInfo|Win32.ActiveCfg = RelWithDebInfo|Win32
		{0F546820-205C-4CAA-BDBC-9CB86CCB0B07}.RelWithDebInfo|Win32.Build.0 = RelWithDebInfo|Win32
		{F93BF405-3DB3-4977-A139-D143F0F370E5}.Debug|Win32.ActiveCfg = Debug|Win32
		{F93BF405-3DB3-4977-A139-D143F0F370E5}.Debug|Win32.Build.0 = Debug|Win32
		{F93BF405-3DB3-4977-A139-D143F0F370E5}.Release|Win32.ActiveCfg = Release|Win32
		{F93BF405-3DB3-4977-A139-D143F0F370E5}.Release|Win32.Build.0 = Release|Win32
		{F93BF405-3DB3-4977-A139-D143F0F370E5}.MinSizeRel|Win32.ActiveCfg = MinSizeRel|Win32
		{F93BF405-3DB3-4977-A139-D143F0F370E5}.MinSizeRel|Win32.Build.0 = MinSizeRel|Win32
		{F93BF405-3DB3-4977-A139-D143F0F370E5}.RelWithDebInfo|Win32.ActiveCfg = RelWithDebInfo|Win32
		{F93BF405-3DB3-4977-A139-D143F0F370E5}.RelWithDebInfo|Win32.Build.0 = RelWithDebInfo|Win32
		{D41E604D-74F0-455D-9341-E92246C90825}.Debug|Win32.ActiveCfg = Debug|Win32
		{D41E604D-74F0-455D-9341-E92246C90825}.Debug|Win32.Build.0 = Debug|Win32
		{D41E604D-74F0-455D-9341-E92246C90825}.Release|Win32.ActiveCfg = Release|Win32
		{D41E604D-74F0-455D-9341-E92246C90825}.Release|Win32.Build.0 = Release|Win32
		{D41E604D-74F0-455D-9341-E92246C90825}.MinSizeRel|Win32.ActiveCfg = MinSizeRel|Win32
		{D41E604D-74F0-455D-9341-E92246C90825}.MinSizeRel|Win32.Build.0 = MinSizeRel|Win32
		{D41E604D-74F0-455D-9341-E92246C90825}.RelWithDebInfo|Win32.ActiveCfg = RelWithDebInfo|Win32
		{D41E604D-74F0-455D-9341-E92246C90825}.RelWithDebInfo|Win32.Build.0 = RelWithDebInfo|Win32
		{0FB87C52-B9BF-426C-87EB-AB604B75F1DB}.Debug|Win32.ActiveCfg = Debug|Win32
		{0FB87C52-B9BF-426C-87EB-AB604B75F1DB}.Debug|Win32.Build.0 = Debug|Win32
		{0FB87C52-B9BF-426C-87EB-AB604B75F1DB}.Release|Win32.ActiveCfg = Release|Win32
		{0FB87C52-B9BF-426C-87EB-AB604B75F1DB}.Release|Win32.Build.0 = Release|Win32
		{0FB87C52-B9BF-426C-87EB-AB604B75F1DB}.MinSizeRel|Win32.ActiveCfg = MinSizeRel|Win32
		{0FB87C52-B9BF-426C-87EB-AB604B75F1DB}.MinSizeRel|Win32.Build.0 = MinSizeRel|Win32
		{0FB87C52-B9BF-426C-87EB-AB604B75F1DB}.RelWithDebInfo|Win32.ActiveCfg = RelWithDebInfo|Win32
		{0FB87C52-B9BF-426C-87EB-AB604B75F1DB}.RelWithDebInfo|Win32.Build.0 = RelWithDebInfo|Win32
		{3EB07DF7-2C3D-4235-ABA2-21198780026B}.Debug|Win32.ActiveCfg = Debug|Win32
		{3EB07DF7-2C3D-4235-ABA2-21198780026B}.Debug|Win32.Build.0 = Debug|Win32
		{3EB07DF7-2C3D-4235-ABA2-21198780026B}.Release|Win32.ActiveCfg = Release|Win32
		{3EB07DF7-2C3D-4235-ABA2-21198780026B}.Release|Win32.Build.0 = Release|Win32
		{3EB07DF7-2C3D-4235-ABA2-21198780026B}.MinSizeRel|Win32.ActiveCfg = MinSizeRel|Win32
		{3EB07DF7-2C3D-4235-ABA2-21198780026B}.MinSizeRel|Win32.Build.0 = MinSizeRel|Win32
		{3EB07DF7-2C3D-4235-ABA2-21198780026B}.RelWithDebInfo|Win32.ActiveCfg = RelWithDebInfo|Win32
		{3EB07DF7-2C3D-4235-ABA2-21198780026B}.RelWithDebInfo|Win32.Build.0 = RelWithDebInfo|Win32
	EndGlobalSection
	GlobalSection(NestedProjects) = preSolution
		{FE00ABD8-F296-47C3-AF2B-D769E66E9327} = {32B47C60-AA48-4632-92BF-D3FB646A433A}
		{CB55DC67-9A65-4DCA-865E-B2E968712A7F} = {32B47C60-AA48-4632-92BF-D3FB646A433A}
		{22E67BED-20D7-496F-9CFE-948AB034AAF3} = {3070FCE6-3DF7-4311-B51B-6D4CF95853D6}
		{0F546820-205C-4CAA-BDBC-9CB86CCB0B07} = {3070FCE6-3DF7-4311-B51B-6D4CF95853D6}
		{F93BF405-3DB3-4977-A139-D143F0F370E5} = {3070FCE6-3DF7-4311-B51B-6D4CF95853D6}
		{D41E604D-74F0-455D-9341-E92246C90825} = {3070FCE6-3DF7-4311-B51B-6D4CF95853D6}
		{0FB87C52-B9BF-426C-87EB-AB604B75F1DB} = {3070FCE6-3DF7-4311-B51B-6D4CF95853D6}
		{3EB07DF7-2C3D-4235-ABA2-21198780026B} = {3070FCE6-3DF7-4311-B51B-6D4CF95853D6}
	EndGlobalSection
	GlobalSection(ExtensibilityGlobals) = postSolution
	EndGlobalSection
	GlobalSection(ExtensibilityAddIns) = postSolution
	EndGlobalSection
EndGlobal
